// !$*UTF8*$!
{
	archiveVersion = 1;
	classes = {
	};
	objectVersion = 46;
	objects = {

/* Begin PBXBuildFile section */
		491937B91E9360E5008E7CC0 /* AppDelegate.swift in Sources */ = {isa = PBXBuildFile; fileRef = 491937B81E9360E5008E7CC0 /* AppDelegate.swift */; };
		491937BB1E9360E5008E7CC0 /* MainViewController.swift in Sources */ = {isa = PBXBuildFile; fileRef = 491937BA1E9360E5008E7CC0 /* MainViewController.swift */; };
		491937BE1E9360E5008E7CC0 /* Main.storyboard in Resources */ = {isa = PBXBuildFile; fileRef = 491937BC1E9360E5008E7CC0 /* Main.storyboard */; };
		491937C01E9360E5008E7CC0 /* Assets.xcassets in Resources */ = {isa = PBXBuildFile; fileRef = 491937BF1E9360E5008E7CC0 /* Assets.xcassets */; };
		491937C31E9360E5008E7CC0 /* LaunchScreen.storyboard in Resources */ = {isa = PBXBuildFile; fileRef = 491937C11E9360E5008E7CC0 /* LaunchScreen.storyboard */; };
		491FE1EB1E97597200BF7ACF /* NetworkHandler.swift in Sources */ = {isa = PBXBuildFile; fileRef = 491FE1EA1E97597200BF7ACF /* NetworkHandler.swift */; };
		49A48B441E9877BC003829F7 /* BandwidthTestHandler.swift in Sources */ = {isa = PBXBuildFile; fileRef = 49A48B431E9877BC003829F7 /* BandwidthTestHandler.swift */; };
		49A48B461E989ED0003829F7 /* PhoneModel.swift in Sources */ = {isa = PBXBuildFile; fileRef = 49A48B451E989ED0003829F7 /* PhoneModel.swift */; };
		49CDB6A71E938FCA008AE47E /* CoreTelephony.framework in Frameworks */ = {isa = PBXBuildFile; fileRef = 49CDB6A61E938FCA008AE47E /* CoreTelephony.framework */; };
		49E487F21E9DDD28004AC735 /* UIColor.swift in Sources */ = {isa = PBXBuildFile; fileRef = 49E487F11E9DDD28004AC735 /* UIColor.swift */; };
		49E487F41E9DE922004AC735 /* PulseView.swift in Sources */ = {isa = PBXBuildFile; fileRef = 49E487F31E9DE922004AC735 /* PulseView.swift */; };
		49E487F61E9DF073004AC735 /* CGRect.swift in Sources */ = {isa = PBXBuildFile; fileRef = 49E487F51E9DF073004AC735 /* CGRect.swift */; };
		49FD54C01E98AAA200615796 /* GeolocationService.swift in Sources */ = {isa = PBXBuildFile; fileRef = 49FD54BF1E98AAA200615796 /* GeolocationService.swift */; };
		49FD54C61E98ADAE00615796 /* RxCLLocationManagerDelegateProxy.swift in Sources */ = {isa = PBXBuildFile; fileRef = 49FD54C51E98ADAE00615796 /* RxCLLocationManagerDelegateProxy.swift */; };
		49FD54C91E98ADD100615796 /* CLLocationManager+Rx.swift in Sources */ = {isa = PBXBuildFile; fileRef = 49FD54C81E98ADD100615796 /* CLLocationManager+Rx.swift */; };
		F08D1A21A3736AD433ADC747 /* Pods_BASS.framework in Frameworks */ = {isa = PBXBuildFile; fileRef = 5513BA6E18E4887DAD044DF4 /* Pods_BASS.framework */; };
/* End PBXBuildFile section */

/* Begin PBXFileReference section */
		183E74618D70ECC5B59CF36C /* Pods-BASS.release.xcconfig */ = {isa = PBXFileReference; includeInIndex = 1; lastKnownFileType = text.xcconfig; name = "Pods-BASS.release.xcconfig"; path = "Pods/Target Support Files/Pods-BASS/Pods-BASS.release.xcconfig"; sourceTree = "<group>"; };
		491937B51E9360E4008E7CC0 /* BASS.app */ = {isa = PBXFileReference; explicitFileType = wrapper.application; includeInIndex = 0; path = BASS.app; sourceTree = BUILT_PRODUCTS_DIR; };
		491937B81E9360E5008E7CC0 /* AppDelegate.swift */ = {isa = PBXFileReference; lastKnownFileType = sourcecode.swift; path = AppDelegate.swift; sourceTree = "<group>"; };
		491937BA1E9360E5008E7CC0 /* MainViewController.swift */ = {isa = PBXFileReference; lastKnownFileType = sourcecode.swift; path = MainViewController.swift; sourceTree = "<group>"; };
		491937BD1E9360E5008E7CC0 /* Base */ = {isa = PBXFileReference; lastKnownFileType = file.storyboard; name = Base; path = Base.lproj/Main.storyboard; sourceTree = "<group>"; };
		491937BF1E9360E5008E7CC0 /* Assets.xcassets */ = {isa = PBXFileReference; lastKnownFileType = folder.assetcatalog; path = Assets.xcassets; sourceTree = "<group>"; };
		491937C21E9360E5008E7CC0 /* Base */ = {isa = PBXFileReference; lastKnownFileType = file.storyboard; name = Base; path = Base.lproj/LaunchScreen.storyboard; sourceTree = "<group>"; };
		491937C41E9360E5008E7CC0 /* Info.plist */ = {isa = PBXFileReference; lastKnownFileType = text.plist.xml; path = Info.plist; sourceTree = "<group>"; };
		491FE1EA1E97597200BF7ACF /* NetworkHandler.swift */ = {isa = PBXFileReference; fileEncoding = 4; lastKnownFileType = sourcecode.swift; path = NetworkHandler.swift; sourceTree = "<group>"; };
		491FE1EC1E975A3200BF7ACF /* BASS-Bridging-Header.h */ = {isa = PBXFileReference; fileEncoding = 4; lastKnownFileType = sourcecode.c.h; path = "BASS-Bridging-Header.h"; sourceTree = "<group>"; };
		49A48B431E9877BC003829F7 /* BandwidthTestHandler.swift */ = {isa = PBXFileReference; fileEncoding = 4; lastKnownFileType = sourcecode.swift; path = BandwidthTestHandler.swift; sourceTree = "<group>"; };
		49A48B451E989ED0003829F7 /* PhoneModel.swift */ = {isa = PBXFileReference; fileEncoding = 4; lastKnownFileType = sourcecode.swift; path = PhoneModel.swift; sourceTree = "<group>"; };
		49CDB6A61E938FCA008AE47E /* CoreTelephony.framework */ = {isa = PBXFileReference; lastKnownFileType = wrapper.framework; name = CoreTelephony.framework; path = System/Library/Frameworks/CoreTelephony.framework; sourceTree = SDKROOT; };
		49E487F11E9DDD28004AC735 /* UIColor.swift */ = {isa = PBXFileReference; fileEncoding = 4; lastKnownFileType = sourcecode.swift; path = UIColor.swift; sourceTree = "<group>"; };
		49E487F31E9DE922004AC735 /* PulseView.swift */ = {isa = PBXFileReference; fileEncoding = 4; lastKnownFileType = sourcecode.swift; path = PulseView.swift; sourceTree = "<group>"; };
		49E487F51E9DF073004AC735 /* CGRect.swift */ = {isa = PBXFileReference; fileEncoding = 4; lastKnownFileType = sourcecode.swift; path = CGRect.swift; sourceTree = "<group>"; };
		49FD54BF1E98AAA200615796 /* GeolocationService.swift */ = {isa = PBXFileReference; fileEncoding = 4; lastKnownFileType = sourcecode.swift; path = GeolocationService.swift; sourceTree = "<group>"; };
		49FD54C51E98ADAE00615796 /* RxCLLocationManagerDelegateProxy.swift */ = {isa = PBXFileReference; fileEncoding = 4; lastKnownFileType = sourcecode.swift; path = RxCLLocationManagerDelegateProxy.swift; sourceTree = "<group>"; };
		49FD54C81E98ADD100615796 /* CLLocationManager+Rx.swift */ = {isa = PBXFileReference; fileEncoding = 4; lastKnownFileType = sourcecode.swift; path = "CLLocationManager+Rx.swift"; sourceTree = "<group>"; };
		5513BA6E18E4887DAD044DF4 /* Pods_BASS.framework */ = {isa = PBXFileReference; explicitFileType = wrapper.framework; includeInIndex = 0; path = Pods_BASS.framework; sourceTree = BUILT_PRODUCTS_DIR; };
		5F64CC6ECE965061193FE675 /* Pods-BASS.debug.xcconfig */ = {isa = PBXFileReference; includeInIndex = 1; lastKnownFileType = text.xcconfig; name = "Pods-BASS.debug.xcconfig"; path = "Pods/Target Support Files/Pods-BASS/Pods-BASS.debug.xcconfig"; sourceTree = "<group>"; };
/* End PBXFileReference section */

/* Begin PBXFrameworksBuildPhase section */
		491937B21E9360DF008E7CC0 /* Frameworks */ = {
			isa = PBXFrameworksBuildPhase;
			buildActionMask = 2147483647;
			files = (
				49CDB6A71E938FCA008AE47E /* CoreTelephony.framework in Frameworks */,
				F08D1A21A3736AD433ADC747 /* Pods_BASS.framework in Frameworks */,
			);
			runOnlyForDeploymentPostprocessing = 0;
		};
/* End PBXFrameworksBuildPhase section */

/* Begin PBXGroup section */
		3139661AD70E9E22C6C447D5 /* Pods */ = {
			isa = PBXGroup;
			children = (
				5F64CC6ECE965061193FE675 /* Pods-BASS.debug.xcconfig */,
				183E74618D70ECC5B59CF36C /* Pods-BASS.release.xcconfig */,
			);
			name = Pods;
			sourceTree = "<group>";
		};
		491937AC1E9360DF008E7CC0 = {
			isa = PBXGroup;
			children = (
				491937B71E9360E4008E7CC0 /* BASS */,
				491937B61E9360E4008E7CC0 /* Products */,
				3139661AD70E9E22C6C447D5 /* Pods */,
				89772F5BA96BDEAF44D87B30 /* Frameworks */,
			);
			sourceTree = "<group>";
		};
		491937B61E9360E4008E7CC0 /* Products */ = {
			isa = PBXGroup;
			children = (
				491937B51E9360E4008E7CC0 /* BASS.app */,
			);
			name = Products;
			sourceTree = "<group>";
		};
		491937B71E9360E4008E7CC0 /* BASS */ = {
			isa = PBXGroup;
			children = (
				49FD54C21E98AB1800615796 /* Classes */,
				491937BC1E9360E5008E7CC0 /* Main.storyboard */,
				491937BF1E9360E5008E7CC0 /* Assets.xcassets */,
				491937C11E9360E5008E7CC0 /* LaunchScreen.storyboard */,
				491937C41E9360E5008E7CC0 /* Info.plist */,
				491FE1EC1E975A3200BF7ACF /* BASS-Bridging-Header.h */,
			);
			path = BASS;
			sourceTree = "<group>";
		};
		49E487F01E9DDD1D004AC735 /* Extensions */ = {
			isa = PBXGroup;
			children = (
				49E487F11E9DDD28004AC735 /* UIColor.swift */,
				49E487F51E9DF073004AC735 /* CGRect.swift */,
			);
			name = Extensions;
			sourceTree = "<group>";
		};
		49FD54C21E98AB1800615796 /* Classes */ = {
			isa = PBXGroup;
			children = (
				49E487F01E9DDD1D004AC735 /* Extensions */,
				49FD54C71E98ADC100615796 /* Rx */,
				49FD54C31E98AB2100615796 /* ViewControllers */,
				491937B81E9360E5008E7CC0 /* AppDelegate.swift */,
				491FE1EA1E97597200BF7ACF /* NetworkHandler.swift */,
				49A48B431E9877BC003829F7 /* BandwidthTestHandler.swift */,
				49A48B451E989ED0003829F7 /* PhoneModel.swift */,
				49E487F31E9DE922004AC735 /* PulseView.swift */,
			);
			name = Classes;
			sourceTree = "<group>";
		};
		49FD54C31E98AB2100615796 /* ViewControllers */ = {
			isa = PBXGroup;
			children = (
				491937BA1E9360E5008E7CC0 /* MainViewController.swift */,
			);
			name = ViewControllers;
			sourceTree = "<group>";
		};
		49FD54C71E98ADC100615796 /* Rx */ = {
			isa = PBXGroup;
			children = (
				49FD54BF1E98AAA200615796 /* GeolocationService.swift */,
				49FD54C51E98ADAE00615796 /* RxCLLocationManagerDelegateProxy.swift */,
				49FD54C81E98ADD100615796 /* CLLocationManager+Rx.swift */,
			);
			name = Rx;
			sourceTree = "<group>";
		};
		89772F5BA96BDEAF44D87B30 /* Frameworks */ = {
			isa = PBXGroup;
			children = (
				49CDB6A61E938FCA008AE47E /* CoreTelephony.framework */,
				5513BA6E18E4887DAD044DF4 /* Pods_BASS.framework */,
			);
			name = Frameworks;
			sourceTree = "<group>";
		};
/* End PBXGroup section */

/* Begin PBXNativeTarget section */
		491937B41E9360DF008E7CC0 /* BASS */ = {
			isa = PBXNativeTarget;
			buildConfigurationList = 491937C71E9360E5008E7CC0 /* Build configuration list for PBXNativeTarget "BASS" */;
			buildPhases = (
				174BDE1676F2BFA6450A0A8E /* [CP] Check Pods Manifest.lock */,
				491937B11E9360DF008E7CC0 /* Sources */,
				491937B21E9360DF008E7CC0 /* Frameworks */,
				491937B31E9360DF008E7CC0 /* Resources */,
				A47F2B7D1B7E0E6A36DB300E /* [CP] Embed Pods Frameworks */,
				A80E85DB1D8CFB91DEDA5380 /* [CP] Copy Pods Resources */,
			);
			buildRules = (
			);
			dependencies = (
			);
			name = BASS;
			productName = BASS;
			productReference = 491937B51E9360E4008E7CC0 /* BASS.app */;
			productType = "com.apple.product-type.application";
		};
/* End PBXNativeTarget section */

/* Begin PBXProject section */
		491937AD1E9360DF008E7CC0 /* Project object */ = {
			isa = PBXProject;
			attributes = {
				LastSwiftUpdateCheck = 0820;
				LastUpgradeCheck = 0820;
				ORGANIZATIONNAME = Collave;
				TargetAttributes = {
					491937B41E9360DF008E7CC0 = {
						CreatedOnToolsVersion = 8.2.1;
						DevelopmentTeam = 7AKN8A7ET6;
						ProvisioningStyle = Automatic;
						SystemCapabilities = {
							com.apple.BackgroundModes = {
								enabled = 0;
							};
						};
					};
				};
			};
			buildConfigurationList = 491937B01E9360DF008E7CC0 /* Build configuration list for PBXProject "BASS" */;
			compatibilityVersion = "Xcode 3.2";
			developmentRegion = English;
			hasScannedForEncodings = 0;
			knownRegions = (
				en,
				Base,
			);
			mainGroup = 491937AC1E9360DF008E7CC0;
			productRefGroup = 491937B61E9360E4008E7CC0 /* Products */;
			projectDirPath = "";
			projectRoot = "";
			targets = (
				491937B41E9360DF008E7CC0 /* BASS */,
			);
		};
/* End PBXProject section */

/* Begin PBXResourcesBuildPhase section */
		491937B31E9360DF008E7CC0 /* Resources */ = {
			isa = PBXResourcesBuildPhase;
			buildActionMask = 2147483647;
			files = (
				491937C31E9360E5008E7CC0 /* LaunchScreen.storyboard in Resources */,
				491937C01E9360E5008E7CC0 /* Assets.xcassets in Resources */,
				491937BE1E9360E5008E7CC0 /* Main.storyboard in Resources */,
			);
			runOnlyForDeploymentPostprocessing = 0;
		};
/* End PBXResourcesBuildPhase section */

/* Begin PBXShellScriptBuildPhase section */
		174BDE1676F2BFA6450A0A8E /* [CP] Check Pods Manifest.lock */ = {
			isa = PBXShellScriptBuildPhase;
			buildActionMask = 2147483647;
			files = (
			);
			inputPaths = (
			);
			name = "[CP] Check Pods Manifest.lock";
			outputPaths = (
			);
			runOnlyForDeploymentPostprocessing = 0;
			shellPath = /bin/sh;
			shellScript = "diff \"${PODS_PODFILE_DIR_PATH}/Podfile.lock\" \"${PODS_ROOT}/Manifest.lock\" > /dev/null\nif [ $? != 0 ] ; then\n    # print error to STDERR\n    echo \"error: The sandbox is not in sync with the Podfile.lock. Run 'pod install' or update your CocoaPods installation.\" >&2\n    exit 1\nfi\n";
			showEnvVarsInLog = 0;
		};
		A47F2B7D1B7E0E6A36DB300E /* [CP] Embed Pods Frameworks */ = {
			isa = PBXShellScriptBuildPhase;
			buildActionMask = 2147483647;
			files = (
			);
			inputPaths = (
			);
			name = "[CP] Embed Pods Frameworks";
			outputPaths = (
			);
			runOnlyForDeploymentPostprocessing = 0;
			shellPath = /bin/sh;
			shellScript = "\"${SRCROOT}/Pods/Target Support Files/Pods-BASS/Pods-BASS-frameworks.sh\"\n";
			showEnvVarsInLog = 0;
		};
		A80E85DB1D8CFB91DEDA5380 /* [CP] Copy Pods Resources */ = {
			isa = PBXShellScriptBuildPhase;
			buildActionMask = 2147483647;
			files = (
			);
			inputPaths = (
			);
			name = "[CP] Copy Pods Resources";
			outputPaths = (
			);
			runOnlyForDeploymentPostprocessing = 0;
			shellPath = /bin/sh;
			shellScript = "\"${SRCROOT}/Pods/Target Support Files/Pods-BASS/Pods-BASS-resources.sh\"\n";
			showEnvVarsInLog = 0;
		};
/* End PBXShellScriptBuildPhase section */

/* Begin PBXSourcesBuildPhase section */
		491937B11E9360DF008E7CC0 /* Sources */ = {
			isa = PBXSourcesBuildPhase;
			buildActionMask = 2147483647;
			files = (
				49FD54C01E98AAA200615796 /* GeolocationService.swift in Sources */,
				49A48B441E9877BC003829F7 /* BandwidthTestHandler.swift in Sources */,
				491937BB1E9360E5008E7CC0 /* MainViewController.swift in Sources */,
				49FD54C61E98ADAE00615796 /* RxCLLocationManagerDelegateProxy.swift in Sources */,
				49E487F61E9DF073004AC735 /* CGRect.swift in Sources */,
				49E487F41E9DE922004AC735 /* PulseView.swift in Sources */,
				49E487F21E9DDD28004AC735 /* UIColor.swift in Sources */,
				49A48B461E989ED0003829F7 /* PhoneModel.swift in Sources */,
				491937B91E9360E5008E7CC0 /* AppDelegate.swift in Sources */,
				49FD54C91E98ADD100615796 /* CLLocationManager+Rx.swift in Sources */,
				491FE1EB1E97597200BF7ACF /* NetworkHandler.swift in Sources */,
			);
			runOnlyForDeploymentPostprocessing = 0;
		};
/* End PBXSourcesBuildPhase section */

/* Begin PBXVariantGroup section */
		491937BC1E9360E5008E7CC0 /* Main.storyboard */ = {
			isa = PBXVariantGroup;
			children = (
				491937BD1E9360E5008E7CC0 /* Base */,
			);
			name = Main.storyboard;
			sourceTree = "<group>";
		};
		491937C11E9360E5008E7CC0 /* LaunchScreen.storyboard */ = {
			isa = PBXVariantGroup;
			children = (
				491937C21E9360E5008E7CC0 /* Base */,
			);
			name = LaunchScreen.storyboard;
			sourceTree = "<group>";
		};
/* End PBXVariantGroup section */

/* Begin XCBuildConfiguration section */
		491937C51E9360E5008E7CC0 /* Debug */ = {
			isa = XCBuildConfiguration;
			buildSettings = {
				ALWAYS_SEARCH_USER_PATHS = NO;
				CLANG_ANALYZER_NONNULL = YES;
				CLANG_CXX_LANGUAGE_STANDARD = "gnu++0x";
				CLANG_CXX_LIBRARY = "libc++";
				CLANG_ENABLE_MODULES = YES;
				CLANG_ENABLE_OBJC_ARC = YES;
				CLANG_WARN_BOOL_CONVERSION = YES;
				CLANG_WARN_CONSTANT_CONVERSION = YES;
				CLANG_WARN_DIRECT_OBJC_ISA_USAGE = YES_ERROR;
				CLANG_WARN_DOCUMENTATION_COMMENTS = YES;
				CLANG_WARN_EMPTY_BODY = YES;
				CLANG_WARN_ENUM_CONVERSION = YES;
				CLANG_WARN_INFINITE_RECURSION = YES;
				CLANG_WARN_INT_CONVERSION = YES;
				CLANG_WARN_OBJC_ROOT_CLASS = YES_ERROR;
				CLANG_WARN_SUSPICIOUS_MOVE = YES;
				CLANG_WARN_UNREACHABLE_CODE = YES;
				CLANG_WARN__DUPLICATE_METHOD_MATCH = YES;
				"CODE_SIGN_IDENTITY[sdk=iphoneos*]" = "iPhone Developer";
				COPY_PHASE_STRIP = NO;
				DEBUG_INFORMATION_FORMAT = dwarf;
				ENABLE_STRICT_OBJC_MSGSEND = YES;
				ENABLE_TESTABILITY = YES;
				GCC_C_LANGUAGE_STANDARD = gnu99;
				GCC_DYNAMIC_NO_PIC = NO;
				GCC_NO_COMMON_BLOCKS = YES;
				GCC_OPTIMIZATION_LEVEL = 0;
				GCC_PREPROCESSOR_DEFINITIONS = (
					"DEBUG=1",
					"$(inherited)",
				);
				GCC_WARN_64_TO_32_BIT_CONVERSION = YES;
				GCC_WARN_ABOUT_RETURN_TYPE = YES_ERROR;
				GCC_WARN_UNDECLARED_SELECTOR = YES;
				GCC_WARN_UNINITIALIZED_AUTOS = YES_AGGRESSIVE;
				GCC_WARN_UNUSED_FUNCTION = YES;
				GCC_WARN_UNUSED_VARIABLE = YES;
				IPHONEOS_DEPLOYMENT_TARGET = 10.2;
				MTL_ENABLE_DEBUG_INFO = YES;
				ONLY_ACTIVE_ARCH = YES;
				SDKROOT = iphoneos;
				SWIFT_ACTIVE_COMPILATION_CONDITIONS = DEBUG;
				SWIFT_OPTIMIZATION_LEVEL = "-Onone";
				TARGETED_DEVICE_FAMILY = "1,2";
			};
			name = Debug;
		};
		491937C61E9360E5008E7CC0 /* Release */ = {
			isa = XCBuildConfiguration;
			buildSettings = {
				ALWAYS_SEARCH_USER_PATHS = NO;
				CLANG_ANALYZER_NONNULL = YES;
				CLANG_CXX_LANGUAGE_STANDARD = "gnu++0x";
				CLANG_CXX_LIBRARY = "libc++";
				CLANG_ENABLE_MODULES = YES;
				CLANG_ENABLE_OBJC_ARC = YES;
				CLANG_WARN_BOOL_CONVERSION = YES;
				CLANG_WARN_CONSTANT_CONVERSION = YES;
				CLANG_WARN_DIRECT_OBJC_ISA_USAGE = YES_ERROR;
				CLANG_WARN_DOCUMENTATION_COMMENTS = YES;
				CLANG_WARN_EMPTY_BODY = YES;
				CLANG_WARN_ENUM_CONVERSION = YES;
				CLANG_WARN_INFINITE_RECURSION = YES;
				CLANG_WARN_INT_CONVERSION = YES;
				CLANG_WARN_OBJC_ROOT_CLASS = YES_ERROR;
				CLANG_WARN_SUSPICIOUS_MOVE = YES;
				CLANG_WARN_UNREACHABLE_CODE = YES;
				CLANG_WARN__DUPLICATE_METHOD_MATCH = YES;
				"CODE_SIGN_IDENTITY[sdk=iphoneos*]" = "iPhone Developer";
				COPY_PHASE_STRIP = NO;
				DEBUG_INFORMATION_FORMAT = "dwarf-with-dsym";
				ENABLE_NS_ASSERTIONS = NO;
				ENABLE_STRICT_OBJC_MSGSEND = YES;
				GCC_C_LANGUAGE_STANDARD = gnu99;
				GCC_NO_COMMON_BLOCKS = YES;
				GCC_WARN_64_TO_32_BIT_CONVERSION = YES;
				GCC_WARN_ABOUT_RETURN_TYPE = YES_ERROR;
				GCC_WARN_UNDECLARED_SELECTOR = YES;
				GCC_WARN_UNINITIALIZED_AUTOS = YES_AGGRESSIVE;
				GCC_WARN_UNUSED_FUNCTION = YES;
				GCC_WARN_UNUSED_VARIABLE = YES;
				IPHONEOS_DEPLOYMENT_TARGET = 10.2;
				MTL_ENABLE_DEBUG_INFO = NO;
				SDKROOT = iphoneos;
				SWIFT_OPTIMIZATION_LEVEL = "-Owholemodule";
				TARGETED_DEVICE_FAMILY = "1,2";
				VALIDATE_PRODUCT = YES;
			};
			name = Release;
		};
		491937C81E9360E5008E7CC0 /* Debug */ = {
			isa = XCBuildConfiguration;
			baseConfigurationReference = 5F64CC6ECE965061193FE675 /* Pods-BASS.debug.xcconfig */;
			buildSettings = {
				ASSETCATALOG_COMPILER_APPICON_NAME = AppIcon;
				DEVELOPMENT_TEAM = 7AKN8A7ET6;
				INFOPLIST_FILE = BASS/Info.plist;
				IPHONEOS_DEPLOYMENT_TARGET = 9.0;
				LD_RUNPATH_SEARCH_PATHS = "$(inherited) @executable_path/Frameworks";
				PRODUCT_BUNDLE_IDENTIFIER = com.collave.workbench.BASS;
				PRODUCT_NAME = "$(TARGET_NAME)";
				SWIFT_OBJC_BRIDGING_HEADER = "BASS/BASS-Bridging-Header.h";
				SWIFT_VERSION = 3.0;
				TARGETED_DEVICE_FAMILY = 1;
			};
			name = Debug;
		};
		491937C91E9360E5008E7CC0 /* Release */ = {
			isa = XCBuildConfiguration;
			baseConfigurationReference = 183E74618D70ECC5B59CF36C /* Pods-BASS.release.xcconfig */;
			buildSettings = {
				ASSETCATALOG_COMPILER_APPICON_NAME = AppIcon;
				DEVELOPMENT_TEAM = 7AKN8A7ET6;
				INFOPLIST_FILE = BASS/Info.plist;
				IPHONEOS_DEPLOYMENT_TARGET = 9.0;
				LD_RUNPATH_SEARCH_PATHS = "$(inherited) @executable_path/Frameworks";
				PRODUCT_BUNDLE_IDENTIFIER = com.collave.workbench.BASS;
				PRODUCT_NAME = "$(TARGET_NAME)";
				SWIFT_OBJC_BRIDGING_HEADER = "BASS/BASS-Bridging-Header.h";
				SWIFT_VERSION = 3.0;
				TARGETED_DEVICE_FAMILY = 1;
			};
			name = Release;
		};
/* End XCBuildConfiguration section */

/* Begin XCConfigurationList section */
		491937B01E9360DF008E7CC0 /* Build configuration list for PBXProject "BASS" */ = {
			isa = XCConfigurationList;
			buildConfigurations = (
				491937C51E9360E5008E7CC0 /* Debug */,
				491937C61E9360E5008E7CC0 /* Release */,
			);
			defaultConfigurationIsVisible = 0;
			defaultConfigurationName = Release;
		};
		491937C71E9360E5008E7CC0 /* Build configuration list for PBXNativeTarget "BASS" */ = {
			isa = XCConfigurationList;
			buildConfigurations = (
				491937C81E9360E5008E7CC0 /* Debug */,
				491937C91E9360E5008E7CC0 /* Release */,
			);
			defaultConfigurationIsVisible = 0;
			defaultConfigurationName = Release;
		};
/* End XCConfigurationList section */
	};
	rootObject = 491937AD1E9360DF008E7CC0 /* Project object */;
}
